
Microsoft Visual Studio Solution File, Format Version 12.00
# Visual Studio Version 16
VisualStudioVersion = 16.0.30907.101
MinimumVisualStudioVersion = 10.0.40219.1
Project("{8BC9CEB8-8B4A-11D0-8D11-00A0C91BC942}") = "lab29", "lab29\lab29.vcxproj", "{4FB2AAC5-BCB8-4DD3-B82F-FCE28FBB5A69}"
EndProject
Global
	GlobalSection(SolutionConfigurationPlatforms) = preSolution
		Debug|x64 = Debug|x64
		Debug|x86 = Debug|x86
		Release|x64 = Release|x64
		Release|x86 = Release|x86
	EndGlobalSection
	GlobalSection(ProjectConfigurationPlatforms) = postSolution
		{4FB2AAC5-BCB8-4DD3-B82F-FCE28FBB5A69}.Debug|x64.ActiveCfg = Debug|x64
		{4FB2AAC5-BCB8-4DD3-B82F-FCE28FBB5A69}.Debug|x64.Build.0 = Debug|x64
		{4FB2AAC5-BCB8-4DD3-B82F-FCE28FBB5A69}.Debug|x86.ActiveCfg = Debug|Win32
		{4FB2AAC5-BCB8-4DD3-B82F-FCE28FBB5A69}.Debug|x86.Build.0 = Debug|Win32
		{4FB2AAC5-BCB8-4DD3-B82F-FCE28FBB5A69}.Release|x64.ActiveCfg = Release|x64
		{4FB2AAC5-BCB8-4DD3-B82F-FCE28FBB5A69}.Release|x64.Build.0 = Release|x64
		{4FB2AAC5-BCB8-4DD3-B82F-FCE28FBB5A69}.Release|x86.ActiveCfg = Release|Win32
		{4FB2AAC5-BCB8-4DD3-B82F-FCE28FBB5A69}.Release|x86.Build.0 = Release|Win32
	EndGlobalSection
	GlobalSection(SolutionProperties) = preSolution
		HideSolutionNode = FALSE
	EndGlobalSection
	GlobalSection(ExtensibilityGlobals) = postSolution
		SolutionGuid = {3CD6C4B8-2BD4-4B35-AF1E-77840B462426}
	EndGlobalSection
EndGlobal
