
Microsoft Visual Studio Solution File, Format Version 12.00
# Visual Studio Version 16
VisualStudioVersion = 16.0.30717.126
MinimumVisualStudioVersion = 10.0.40219.1
Project("{8BC9CEB8-8B4A-11D0-8D11-00A0C91BC942}") = "lab17", "lab17\lab17.vcxproj", "{3645D31E-7DAB-4059-AA11-A6DC9BFC464B}"
EndProject
Global
	GlobalSection(SolutionConfigurationPlatforms) = preSolution
		Debug|x64 = Debug|x64
		Debug|x86 = Debug|x86
		Release|x64 = Release|x64
		Release|x86 = Release|x86
	EndGlobalSection
	GlobalSection(ProjectConfigurationPlatforms) = postSolution
		{3645D31E-7DAB-4059-AA11-A6DC9BFC464B}.Debug|x64.ActiveCfg = Debug|x64
		{3645D31E-7DAB-4059-AA11-A6DC9BFC464B}.Debug|x64.Build.0 = Debug|x64
		{3645D31E-7DAB-4059-AA11-A6DC9BFC464B}.Debug|x86.ActiveCfg = Debug|Win32
		{3645D31E-7DAB-4059-AA11-A6DC9BFC464B}.Debug|x86.Build.0 = Debug|Win32
		{3645D31E-7DAB-4059-AA11-A6DC9BFC464B}.Release|x64.ActiveCfg = Release|x64
		{3645D31E-7DAB-4059-AA11-A6DC9BFC464B}.Release|x64.Build.0 = Release|x64
		{3645D31E-7DAB-4059-AA11-A6DC9BFC464B}.Release|x86.ActiveCfg = Release|Win32
		{3645D31E-7DAB-4059-AA11-A6DC9BFC464B}.Release|x86.Build.0 = Release|Win32
	EndGlobalSection
	GlobalSection(SolutionProperties) = preSolution
		HideSolutionNode = FALSE
	EndGlobalSection
	GlobalSection(ExtensibilityGlobals) = postSolution
		SolutionGuid = {63C699A5-4472-4B2F-97AF-04FEC9452108}
	EndGlobalSection
EndGlobal
